
Microsoft Visual Studio Solution File, Format Version 12.00
# Visual Studio Version 17
VisualStudioVersion = 17.9.34607.119
MinimumVisualStudioVersion = 10.0.40219.1
Project("{9A19103F-16F7-4668-BE54-9A1E7A4F7556}") = "YourDay", "YourDay\YourDay.csproj", "{563CAAFA-30B3-4D6E-A3F0-DDAD6DBCC74B}"
EndProject
Project("{9A19103F-16F7-4668-BE54-9A1E7A4F7556}") = "YourDay.BLL", "YourDay.BLL\YourDay.BLL.csproj", "{D89BE4C6-99C3-4D22-BA74-9AA97B057BF6}"
EndProject
Project("{9A19103F-16F7-4668-BE54-9A1E7A4F7556}") = "test", "test\test.csproj", "{C6E31780-DA9E-486B-9735-8EDA2186199A}"
EndProject
Global
	GlobalSection(SolutionConfigurationPlatforms) = preSolution
		Debug|Any CPU = Debug|Any CPU
		Release|Any CPU = Release|Any CPU
	EndGlobalSection
	GlobalSection(ProjectConfigurationPlatforms) = postSolution
		{563CAAFA-30B3-4D6E-A3F0-DDAD6DBCC74B}.Debug|Any CPU.ActiveCfg = Debug|Any CPU
		{563CAAFA-30B3-4D6E-A3F0-DDAD6DBCC74B}.Debug|Any CPU.Build.0 = Debug|Any CPU
		{563CAAFA-30B3-4D6E-A3F0-DDAD6DBCC74B}.Release|Any CPU.ActiveCfg = Release|Any CPU
		{563CAAFA-30B3-4D6E-A3F0-DDAD6DBCC74B}.Release|Any CPU.Build.0 = Release|Any CPU
		{D89BE4C6-99C3-4D22-BA74-9AA97B057BF6}.Debug|Any CPU.ActiveCfg = Debug|Any CPU
		{D89BE4C6-99C3-4D22-BA74-9AA97B057BF6}.Debug|Any CPU.Build.0 = Debug|Any CPU
		{D89BE4C6-99C3-4D22-BA74-9AA97B057BF6}.Release|Any CPU.ActiveCfg = Release|Any CPU
		{D89BE4C6-99C3-4D22-BA74-9AA97B057BF6}.Release|Any CPU.Build.0 = Release|Any CPU
		{C6E31780-DA9E-486B-9735-8EDA2186199A}.Debug|Any CPU.ActiveCfg = Debug|Any CPU
		{C6E31780-DA9E-486B-9735-8EDA2186199A}.Debug|Any CPU.Build.0 = Debug|Any CPU
		{C6E31780-DA9E-486B-9735-8EDA2186199A}.Release|Any CPU.ActiveCfg = Release|Any CPU
		{C6E31780-DA9E-486B-9735-8EDA2186199A}.Release|Any CPU.Build.0 = Release|Any CPU
	EndGlobalSection
	GlobalSection(SolutionProperties) = preSolution
		HideSolutionNode = FALSE
	EndGlobalSection
	GlobalSection(ExtensibilityGlobals) = postSolution
		SolutionGuid = {DBF9644A-C435-470B-A1C3-7AA42C8ACB1D}
	EndGlobalSection
EndGlobal
