Microsoft Visual Studio Solution File, Format Version 12.00
# Visual Studio Version 17
VisualStudioVersion = 17.9.34607.119
MinimumVisualStudioVersion = 10.0.40219.1
Project("{9A19103F-16F7-4668-BE54-9A1E7A4F7556}") = "YourDay", "YourDay\YourDay.csproj", "{563CAAFA-30B3-4D6E-A3F0-DDAD6DBCC74B}"
EndProject
Project("{9A19103F-16F7-4668-BE54-9A1E7A4F7556}") = "YourDay.BLL", "YourDay.BLL\YourDay.BLL.csproj", "{D89BE4C6-99C3-4D22-BA74-9AA97B057BF6}"
EndProject
Project("{9A19103F-16F7-4668-BE54-9A1E7A4F7556}") = "YourDay.DAL", "YourDay.DAL\YourDay.DAL.csproj", "{D132CA57-6F0A-47AC-9574-B89C5E4F1FA4}"
EndProject
Project("{9A19103F-16F7-4668-BE54-9A1E7A4F7556}") = "ConsoleApp2", "ConsoleApp2\ConsoleApp2.csproj", "{FB6975A4-2107-42E9-A0B2-804C56307E40}"
EndProject
Project("{FAE04EC0-301F-11D3-BF4B-00C04F79EFBC}") = "teataa", "teataa\teataa.csproj", "{518553C5-2214-4A19-BF64-8542CC31D75D}"
EndProject
Global
	GlobalSection(SolutionConfigurationPlatforms) = preSolution
		Debug|Any CPU = Debug|Any CPU
		Release|Any CPU = Release|Any CPU
	EndGlobalSection
	GlobalSection(ProjectConfigurationPlatforms) = postSolution
		{563CAAFA-30B3-4D6E-A3F0-DDAD6DBCC74B}.Debug|Any CPU.ActiveCfg = Debug|Any CPU
		{563CAAFA-30B3-4D6E-A3F0-DDAD6DBCC74B}.Debug|Any CPU.Build.0 = Debug|Any CPU
		{563CAAFA-30B3-4D6E-A3F0-DDAD6DBCC74B}.Release|Any CPU.ActiveCfg = Release|Any CPU
		{563CAAFA-30B3-4D6E-A3F0-DDAD6DBCC74B}.Release|Any CPU.Build.0 = Release|Any CPU
		{D89BE4C6-99C3-4D22-BA74-9AA97B057BF6}.Debug|Any CPU.ActiveCfg = Debug|Any CPU
		{D89BE4C6-99C3-4D22-BA74-9AA97B057BF6}.Debug|Any CPU.Build.0 = Debug|Any CPU
		{D89BE4C6-99C3-4D22-BA74-9AA97B057BF6}.Release|Any CPU.ActiveCfg = Release|Any CPU
		{D89BE4C6-99C3-4D22-BA74-9AA97B057BF6}.Release|Any CPU.Build.0 = Release|Any CPU
		{D132CA57-6F0A-47AC-9574-B89C5E4F1FA4}.Debug|Any CPU.ActiveCfg = Debug|Any CPU
		{D132CA57-6F0A-47AC-9574-B89C5E4F1FA4}.Debug|Any CPU.Build.0 = Debug|Any CPU
		{D132CA57-6F0A-47AC-9574-B89C5E4F1FA4}.Release|Any CPU.ActiveCfg = Release|Any CPU
		{D132CA57-6F0A-47AC-9574-B89C5E4F1FA4}.Release|Any CPU.Build.0 = Release|Any CPU
		{FB6975A4-2107-42E9-A0B2-804C56307E40}.Debug|Any CPU.ActiveCfg = Debug|Any CPU
		{FB6975A4-2107-42E9-A0B2-804C56307E40}.Debug|Any CPU.Build.0 = Debug|Any CPU
		{FB6975A4-2107-42E9-A0B2-804C56307E40}.Release|Any CPU.ActiveCfg = Release|Any CPU
		{FB6975A4-2107-42E9-A0B2-804C56307E40}.Release|Any CPU.Build.0 = Release|Any CPU
		{518553C5-2214-4A19-BF64-8542CC31D75D}.Debug|Any CPU.ActiveCfg = Debug|Any CPU
		{518553C5-2214-4A19-BF64-8542CC31D75D}.Debug|Any CPU.Build.0 = Debug|Any CPU
		{518553C5-2214-4A19-BF64-8542CC31D75D}.Release|Any CPU.ActiveCfg = Release|Any CPU
		{518553C5-2214-4A19-BF64-8542CC31D75D}.Release|Any CPU.Build.0 = Release|Any CPU
	EndGlobalSection
	GlobalSection(SolutionProperties) = preSolution
		HideSolutionNode = FALSE
	EndGlobalSection
	GlobalSection(ExtensibilityGlobals) = postSolution
		SolutionGuid = {DBF9644A-C435-470B-A1C3-7AA42C8ACB1D}
	EndGlobalSection
EndGlobal
